// !$*UTF8*$!
{
	archiveVersion = 1;
	classes = {
	};
	objectVersion = 46;
	objects = {

/* Begin PBXBuildFile section */
		A23A3CD81634A9A800A622FF /* NSControl+NBBControlProxy.h in Headers */ = {isa = PBXBuildFile; fileRef = A23A3CD61634A9A800A622FF /* NSControl+NBBControlProxy.h */; };
		A23A3CDC1634B5F800A622FF /* NBBCore.framework in Frameworks */ = {isa = PBXBuildFile; fileRef = A2689FAB16308DCB00E1AFFB /* NBBCore.framework */; };
		A23A3CDF1634BC6100A622FF /* NSControl+NBBControlProxy.m in Sources */ = {isa = PBXBuildFile; fileRef = A23A3CD71634A9A800A622FF /* NSControl+NBBControlProxy.m */; };
		A23A3CE01634CB8B00A622FF /* NBBThemeEngine.m in Sources */ = {isa = PBXBuildFile; fileRef = A2DBB0661631A90000C32443 /* NBBThemeEngine.m */; };
		A23A3CF21636253300A622FF /* Python.framework in Frameworks */ = {isa = PBXBuildFile; fileRef = A23A3CED16360F2500A622FF /* Python.framework */; };
		A23A3CF316362F2200A622FF /* NBBThemeEngine.h in Headers */ = {isa = PBXBuildFile; fileRef = A2DBB0651631A90000C32443 /* NBBThemeEngine.h */; settings = {ATTRIBUTES = (Public, ); }; };
		A23A3D00163777CE00A622FF /* QuartzCore.framework in Frameworks */ = {isa = PBXBuildFile; fileRef = A23A3CFF163777CE00A622FF /* QuartzCore.framework */; };
		A23A3D0316377FAE00A622FF /* CALayer+NBBControlAnimations.h in Headers */ = {isa = PBXBuildFile; fileRef = A23A3D0116377FAE00A622FF /* CALayer+NBBControlAnimations.h */; };
		A23A3D0416377FAE00A622FF /* CALayer+NBBControlAnimations.m in Sources */ = {isa = PBXBuildFile; fileRef = A23A3D0216377FAE00A622FF /* CALayer+NBBControlAnimations.m */; };
		A23A3D181639EF1600A622FF /* NSActionCell+NBBSwappable.h in Headers */ = {isa = PBXBuildFile; fileRef = A23A3D161639EF1600A622FF /* NSActionCell+NBBSwappable.h */; };
		A23A3D191639EF1600A622FF /* NSActionCell+NBBSwappable.m in Sources */ = {isa = PBXBuildFile; fileRef = A23A3D171639EF1600A622FF /* NSActionCell+NBBSwappable.m */; };
		A2689F7316308CE500E1AFFB /* Cocoa.framework in Frameworks */ = {isa = PBXBuildFile; fileRef = A2689F7216308CE500E1AFFB /* Cocoa.framework */; };
		A2689F7D16308CE500E1AFFB /* InfoPlist.strings in Resources */ = {isa = PBXBuildFile; fileRef = A2689F7B16308CE500E1AFFB /* InfoPlist.strings */; };
		A2689F7F16308CE500E1AFFB /* main.m in Sources */ = {isa = PBXBuildFile; fileRef = A2689F7E16308CE500E1AFFB /* main.m */; };
		A2689F8316308CE500E1AFFB /* Credits.rtf in Resources */ = {isa = PBXBuildFile; fileRef = A2689F8116308CE500E1AFFB /* Credits.rtf */; };
		A2689F8616308CE500E1AFFB /* NBBAppDelegate.m in Sources */ = {isa = PBXBuildFile; fileRef = A2689F8516308CE500E1AFFB /* NBBAppDelegate.m */; };
		A2689F8916308CE500E1AFFB /* MainMenu.xib in Resources */ = {isa = PBXBuildFile; fileRef = A2689F8716308CE500E1AFFB /* MainMenu.xib */; };
		A2689F9116308CE500E1AFFB /* SenTestingKit.framework in Frameworks */ = {isa = PBXBuildFile; fileRef = A2689F9016308CE500E1AFFB /* SenTestingKit.framework */; };
		A2689F9216308CE500E1AFFB /* Cocoa.framework in Frameworks */ = {isa = PBXBuildFile; fileRef = A2689F7216308CE500E1AFFB /* Cocoa.framework */; };
		A2689F9A16308CE500E1AFFB /* InfoPlist.strings in Resources */ = {isa = PBXBuildFile; fileRef = A2689F9816308CE500E1AFFB /* InfoPlist.strings */; };
		A2689F9D16308CE500E1AFFB /* Neon_Boom_BoxTests.m in Sources */ = {isa = PBXBuildFile; fileRef = A2689F9C16308CE500E1AFFB /* Neon_Boom_BoxTests.m */; };
		A2689FAC16308DCB00E1AFFB /* Cocoa.framework in Frameworks */ = {isa = PBXBuildFile; fileRef = A2689F7216308CE500E1AFFB /* Cocoa.framework */; };
		A2689FB216308DCB00E1AFFB /* InfoPlist.strings in Resources */ = {isa = PBXBuildFile; fileRef = A2689FB016308DCB00E1AFFB /* InfoPlist.strings */; };
		A2689FB616308DCB00E1AFFB /* NBBCore.m in Sources */ = {isa = PBXBuildFile; fileRef = A2689FB516308DCB00E1AFFB /* NBBCore.m */; };
		A2689FBF16308E6F00E1AFFB /* Cocoa.framework in Frameworks */ = {isa = PBXBuildFile; fileRef = A2689F7216308CE500E1AFFB /* Cocoa.framework */; };
		A2689FC516308E6F00E1AFFB /* InfoPlist.strings in Resources */ = {isa = PBXBuildFile; fileRef = A2689FC316308E6F00E1AFFB /* InfoPlist.strings */; };
		A2689FCF16308E9E00E1AFFB /* Cocoa.framework in Frameworks */ = {isa = PBXBuildFile; fileRef = A2689F7216308CE500E1AFFB /* Cocoa.framework */; };
		A2689FD516308E9E00E1AFFB /* InfoPlist.strings in Resources */ = {isa = PBXBuildFile; fileRef = A2689FD316308E9E00E1AFFB /* InfoPlist.strings */; };
		A2689FE116308F0C00E1AFFB /* MusicModule.nbbmodule in CopyFiles */ = {isa = PBXBuildFile; fileRef = A2689FBE16308E6F00E1AFFB /* MusicModule.nbbmodule */; };
		A2689FE216308F1000E1AFFB /* VideoModule.nbbmodule in CopyFiles */ = {isa = PBXBuildFile; fileRef = A2689FCE16308E9E00E1AFFB /* VideoModule.nbbmodule */; };
		A2689FE416308F1D00E1AFFB /* NBBCore.framework in CopyFiles */ = {isa = PBXBuildFile; fileRef = A2689FAB16308DCB00E1AFFB /* NBBCore.framework */; };
		A2689FF51630BFD300E1AFFB /* NBBMusicModule.m in Sources */ = {isa = PBXBuildFile; fileRef = A2689FF41630BFD300E1AFFB /* NBBMusicModule.m */; };
		A2689FF91630BFF300E1AFFB /* NBBVideoModule.m in Sources */ = {isa = PBXBuildFile; fileRef = A2689FF71630BFED00E1AFFB /* NBBVideoModule.m */; };
		A2689FFA1630C12C00E1AFFB /* NBBCore.framework in Frameworks */ = {isa = PBXBuildFile; fileRef = A2689FAB16308DCB00E1AFFB /* NBBCore.framework */; };
		A2689FFB1630C13100E1AFFB /* NBBCore.framework in Frameworks */ = {isa = PBXBuildFile; fileRef = A2689FAB16308DCB00E1AFFB /* NBBCore.framework */; };
		A268A0041630F64A00E1AFFB /* nbb_theme.py in Resources */ = {isa = PBXBuildFile; fileRef = A268A0031630F64A00E1AFFB /* nbb_theme.py */; };
		A2DBB0591631A73900C32443 /* NBBTheme.h in Headers */ = {isa = PBXBuildFile; fileRef = A2DBB0551631A73900C32443 /* NBBTheme.h */; settings = {ATTRIBUTES = (Public, ); }; };
		A2DBB05A1631A73900C32443 /* NBBTheme.m in Sources */ = {isa = PBXBuildFile; fileRef = A2DBB0561631A73900C32443 /* NBBTheme.m */; };
		A2DBB06A1631A93E00C32443 /* NBBModule.h in Headers */ = {isa = PBXBuildFile; fileRef = A2DBB0681631A93E00C32443 /* NBBModule.h */; };
		A2DBB06B1631A93E00C32443 /* NBBModule.m in Sources */ = {isa = PBXBuildFile; fileRef = A2DBB0691631A93E00C32443 /* NBBModule.m */; };
		A2DBB0721631B05C00C32443 /* NBBButton.h in Headers */ = {isa = PBXBuildFile; fileRef = A2DBB0701631B05C00C32443 /* NBBButton.h */; settings = {ATTRIBUTES = (Public, ); }; };
		A2DBB0731631B05C00C32443 /* NBBButton.m in Sources */ = {isa = PBXBuildFile; fileRef = A2DBB0711631B05C00C32443 /* NBBButton.m */; };
		A2DBB0761631B0A000C32443 /* NBBWindow.h in Headers */ = {isa = PBXBuildFile; fileRef = A2DBB0741631B0A000C32443 /* NBBWindow.h */; settings = {ATTRIBUTES = (Public, ); }; };
		A2DBB0771631B0A000C32443 /* NBBWindow.m in Sources */ = {isa = PBXBuildFile; fileRef = A2DBB0751631B0A000C32443 /* NBBWindow.m */; };
		A2DBB07A1631B12E00C32443 /* NBBTableView.h in Headers */ = {isa = PBXBuildFile; fileRef = A2DBB0781631B12E00C32443 /* NBBTableView.h */; };
		A2DBB07B1631B12E00C32443 /* NBBTableView.m in Sources */ = {isa = PBXBuildFile; fileRef = A2DBB0791631B12E00C32443 /* NBBTableView.m */; };
		A2DBB07E1631B18800C32443 /* NBBTextField.h in Headers */ = {isa = PBXBuildFile; fileRef = A2DBB07C1631B18700C32443 /* NBBTextField.h */; };
		A2DBB07F1631B18800C32443 /* NBBTextField.m in Sources */ = {isa = PBXBuildFile; fileRef = A2DBB07D1631B18800C32443 /* NBBTextField.m */; };
		A2DBB0821631B1BE00C32443 /* NBBSlider.h in Headers */ = {isa = PBXBuildFile; fileRef = A2DBB0801631B1BE00C32443 /* NBBSlider.h */; };
		A2DBB0831631B1BE00C32443 /* NBBSlider.m in Sources */ = {isa = PBXBuildFile; fileRef = A2DBB0811631B1BE00C32443 /* NBBSlider.m */; };
		A2DBB0851631DAAD00C32443 /* NBBThemable.h in Headers */ = {isa = PBXBuildFile; fileRef = A2DBB0841631DAAD00C32443 /* NBBThemable.h */; };
/* End PBXBuildFile section */

/* Begin PBXContainerItemProxy section */
		A2689F9316308CE500E1AFFB /* PBXContainerItemProxy */ = {
			isa = PBXContainerItemProxy;
			containerPortal = A2689F6516308CE500E1AFFB /* Project object */;
			proxyType = 1;
			remoteGlobalIDString = A2689F6D16308CE500E1AFFB;
			remoteInfo = "Neon Boom Box";
		};
		A2689FDA16308EEA00E1AFFB /* PBXContainerItemProxy */ = {
			isa = PBXContainerItemProxy;
			containerPortal = A2689F6516308CE500E1AFFB /* Project object */;
			proxyType = 1;
			remoteGlobalIDString = A2689FAA16308DCB00E1AFFB;
			remoteInfo = NBBCore;
		};
		A2689FDC16308EED00E1AFFB /* PBXContainerItemProxy */ = {
			isa = PBXContainerItemProxy;
			containerPortal = A2689F6516308CE500E1AFFB /* Project object */;
			proxyType = 1;
			remoteGlobalIDString = A2689FBD16308E6F00E1AFFB;
			remoteInfo = MusicModule;
		};
		A2689FDE16308EF000E1AFFB /* PBXContainerItemProxy */ = {
			isa = PBXContainerItemProxy;
			containerPortal = A2689F6516308CE500E1AFFB /* Project object */;
			proxyType = 1;
			remoteGlobalIDString = A2689FCD16308E9E00E1AFFB;
			remoteInfo = VideoModule;
		};
		A2689FE516308F2700E1AFFB /* PBXContainerItemProxy */ = {
			isa = PBXContainerItemProxy;
			containerPortal = A2689F6516308CE500E1AFFB /* Project object */;
			proxyType = 1;
			remoteGlobalIDString = A2689FAA16308DCB00E1AFFB;
			remoteInfo = NBBCore;
		};
		A2689FE716308F2B00E1AFFB /* PBXContainerItemProxy */ = {
			isa = PBXContainerItemProxy;
			containerPortal = A2689F6516308CE500E1AFFB /* Project object */;
			proxyType = 1;
			remoteGlobalIDString = A2689FAA16308DCB00E1AFFB;
			remoteInfo = NBBCore;
		};
/* End PBXContainerItemProxy section */

/* Begin PBXCopyFilesBuildPhase section */
		A2689FE016308F0200E1AFFB /* CopyFiles */ = {
			isa = PBXCopyFilesBuildPhase;
			buildActionMask = 2147483647;
			dstPath = "";
			dstSubfolderSpec = 13;
			files = (
				A2689FE216308F1000E1AFFB /* VideoModule.nbbmodule in CopyFiles */,
				A2689FE116308F0C00E1AFFB /* MusicModule.nbbmodule in CopyFiles */,
			);
			runOnlyForDeploymentPostprocessing = 0;
		};
		A2689FE316308F1500E1AFFB /* CopyFiles */ = {
			isa = PBXCopyFilesBuildPhase;
			buildActionMask = 2147483647;
			dstPath = "";
			dstSubfolderSpec = 10;
			files = (
				A2689FE416308F1D00E1AFFB /* NBBCore.framework in CopyFiles */,
			);
			runOnlyForDeploymentPostprocessing = 0;
		};
/* End PBXCopyFilesBuildPhase section */

/* Begin PBXFileReference section */
		A23A3CD61634A9A800A622FF /* NSControl+NBBControlProxy.h */ = {isa = PBXFileReference; fileEncoding = 4; lastKnownFileType = sourcecode.c.h; path = "NSControl+NBBControlProxy.h"; sourceTree = "<group>"; };
		A23A3CD71634A9A800A622FF /* NSControl+NBBControlProxy.m */ = {isa = PBXFileReference; fileEncoding = 4; lastKnownFileType = sourcecode.c.objc; path = "NSControl+NBBControlProxy.m"; sourceTree = "<group>"; };
		A23A3CED16360F2500A622FF /* Python.framework */ = {isa = PBXFileReference; lastKnownFileType = wrapper.framework; name = Python.framework; path = System/Library/Frameworks/Python.framework; sourceTree = SDKROOT; };
		A23A3CF416372E4500A622FF /* NBBSwappableControl.h */ = {isa = PBXFileReference; lastKnownFileType = sourcecode.c.h; path = NBBSwappableControl.h; sourceTree = "<group>"; };
		A23A3CFF163777CE00A622FF /* QuartzCore.framework */ = {isa = PBXFileReference; lastKnownFileType = wrapper.framework; name = QuartzCore.framework; path = System/Library/Frameworks/QuartzCore.framework; sourceTree = SDKROOT; };
		A23A3D0116377FAE00A622FF /* CALayer+NBBControlAnimations.h */ = {isa = PBXFileReference; fileEncoding = 4; lastKnownFileType = sourcecode.c.h; path = "CALayer+NBBControlAnimations.h"; sourceTree = "<group>"; };
		A23A3D0216377FAE00A622FF /* CALayer+NBBControlAnimations.m */ = {isa = PBXFileReference; fileEncoding = 4; lastKnownFileType = sourcecode.c.objc; path = "CALayer+NBBControlAnimations.m"; sourceTree = "<group>"; };
		A23A3D161639EF1600A622FF /* NSActionCell+NBBSwappable.h */ = {isa = PBXFileReference; fileEncoding = 4; lastKnownFileType = sourcecode.c.h; path = "NSActionCell+NBBSwappable.h"; sourceTree = "<group>"; };
		A23A3D171639EF1600A622FF /* NSActionCell+NBBSwappable.m */ = {isa = PBXFileReference; fileEncoding = 4; lastKnownFileType = sourcecode.c.objc; path = "NSActionCell+NBBSwappable.m"; sourceTree = "<group>"; };
		A2689F6E16308CE500E1AFFB /* Neon Boom Box.app */ = {isa = PBXFileReference; explicitFileType = wrapper.application; includeInIndex = 0; path = "Neon Boom Box.app"; sourceTree = BUILT_PRODUCTS_DIR; };
		A2689F7216308CE500E1AFFB /* Cocoa.framework */ = {isa = PBXFileReference; lastKnownFileType = wrapper.framework; name = Cocoa.framework; path = System/Library/Frameworks/Cocoa.framework; sourceTree = SDKROOT; };
		A2689F7516308CE500E1AFFB /* AppKit.framework */ = {isa = PBXFileReference; lastKnownFileType = wrapper.framework; name = AppKit.framework; path = System/Library/Frameworks/AppKit.framework; sourceTree = SDKROOT; };
		A2689F7616308CE500E1AFFB /* CoreData.framework */ = {isa = PBXFileReference; lastKnownFileType = wrapper.framework; name = CoreData.framework; path = System/Library/Frameworks/CoreData.framework; sourceTree = SDKROOT; };
		A2689F7716308CE500E1AFFB /* Foundation.framework */ = {isa = PBXFileReference; lastKnownFileType = wrapper.framework; name = Foundation.framework; path = System/Library/Frameworks/Foundation.framework; sourceTree = SDKROOT; };
		A2689F7A16308CE500E1AFFB /* Neon Boom Box-Info.plist */ = {isa = PBXFileReference; lastKnownFileType = text.plist.xml; path = "Neon Boom Box-Info.plist"; sourceTree = "<group>"; };
		A2689F7C16308CE500E1AFFB /* en */ = {isa = PBXFileReference; lastKnownFileType = text.plist.strings; name = en; path = en.lproj/InfoPlist.strings; sourceTree = "<group>"; };
		A2689F7E16308CE500E1AFFB /* main.m */ = {isa = PBXFileReference; lastKnownFileType = sourcecode.c.objc; path = main.m; sourceTree = "<group>"; };
		A2689F8016308CE500E1AFFB /* Neon Boom Box-Prefix.pch */ = {isa = PBXFileReference; lastKnownFileType = sourcecode.c.h; path = "Neon Boom Box-Prefix.pch"; sourceTree = "<group>"; };
		A2689F8216308CE500E1AFFB /* en */ = {isa = PBXFileReference; lastKnownFileType = text.rtf; name = en; path = en.lproj/Credits.rtf; sourceTree = "<group>"; };
		A2689F8416308CE500E1AFFB /* NBBAppDelegate.h */ = {isa = PBXFileReference; lastKnownFileType = sourcecode.c.h; path = NBBAppDelegate.h; sourceTree = "<group>"; };
		A2689F8516308CE500E1AFFB /* NBBAppDelegate.m */ = {isa = PBXFileReference; lastKnownFileType = sourcecode.c.objc; path = NBBAppDelegate.m; sourceTree = "<group>"; };
		A2689F8816308CE500E1AFFB /* en */ = {isa = PBXFileReference; lastKnownFileType = file.xib; name = en; path = en.lproj/MainMenu.xib; sourceTree = "<group>"; };
		A2689F8F16308CE500E1AFFB /* Neon Boom BoxTests.octest */ = {isa = PBXFileReference; explicitFileType = wrapper.cfbundle; includeInIndex = 0; path = "Neon Boom BoxTests.octest"; sourceTree = BUILT_PRODUCTS_DIR; };
		A2689F9016308CE500E1AFFB /* SenTestingKit.framework */ = {isa = PBXFileReference; lastKnownFileType = wrapper.framework; name = SenTestingKit.framework; path = Library/Frameworks/SenTestingKit.framework; sourceTree = DEVELOPER_DIR; };
		A2689F9716308CE500E1AFFB /* Neon Boom BoxTests-Info.plist */ = {isa = PBXFileReference; lastKnownFileType = text.plist.xml; path = "Neon Boom BoxTests-Info.plist"; sourceTree = "<group>"; };
		A2689F9916308CE500E1AFFB /* en */ = {isa = PBXFileReference; lastKnownFileType = text.plist.strings; name = en; path = en.lproj/InfoPlist.strings; sourceTree = "<group>"; };
		A2689F9B16308CE500E1AFFB /* Neon_Boom_BoxTests.h */ = {isa = PBXFileReference; lastKnownFileType = sourcecode.c.h; path = Neon_Boom_BoxTests.h; sourceTree = "<group>"; };
		A2689F9C16308CE500E1AFFB /* Neon_Boom_BoxTests.m */ = {isa = PBXFileReference; lastKnownFileType = sourcecode.c.objc; path = Neon_Boom_BoxTests.m; sourceTree = "<group>"; };
		A2689FAB16308DCB00E1AFFB /* NBBCore.framework */ = {isa = PBXFileReference; explicitFileType = wrapper.framework; includeInIndex = 0; path = NBBCore.framework; sourceTree = BUILT_PRODUCTS_DIR; };
		A2689FAF16308DCB00E1AFFB /* NBBCore-Info.plist */ = {isa = PBXFileReference; lastKnownFileType = text.plist.xml; path = "NBBCore-Info.plist"; sourceTree = "<group>"; };
		A2689FB116308DCB00E1AFFB /* en */ = {isa = PBXFileReference; lastKnownFileType = text.plist.strings; name = en; path = en.lproj/InfoPlist.strings; sourceTree = "<group>"; };
		A2689FB316308DCB00E1AFFB /* NBBCore-Prefix.pch */ = {isa = PBXFileReference; lastKnownFileType = sourcecode.c.h; path = "NBBCore-Prefix.pch"; sourceTree = "<group>"; };
		A2689FB416308DCB00E1AFFB /* NBBCore.h */ = {isa = PBXFileReference; lastKnownFileType = sourcecode.c.h; path = NBBCore.h; sourceTree = "<group>"; };
		A2689FB516308DCB00E1AFFB /* NBBCore.m */ = {isa = PBXFileReference; lastKnownFileType = sourcecode.c.objc; path = NBBCore.m; sourceTree = "<group>"; };
		A2689FBE16308E6F00E1AFFB /* MusicModule.nbbmodule */ = {isa = PBXFileReference; explicitFileType = wrapper.cfbundle; includeInIndex = 0; path = MusicModule.nbbmodule; sourceTree = BUILT_PRODUCTS_DIR; };
		A2689FC216308E6F00E1AFFB /* MusicModule-Info.plist */ = {isa = PBXFileReference; lastKnownFileType = text.plist.xml; path = "MusicModule-Info.plist"; sourceTree = "<group>"; };
		A2689FC416308E6F00E1AFFB /* en */ = {isa = PBXFileReference; lastKnownFileType = text.plist.strings; name = en; path = en.lproj/InfoPlist.strings; sourceTree = "<group>"; };
		A2689FC616308E6F00E1AFFB /* MusicModule-Prefix.pch */ = {isa = PBXFileReference; lastKnownFileType = sourcecode.c.h; path = "MusicModule-Prefix.pch"; sourceTree = "<group>"; };
		A2689FCE16308E9E00E1AFFB /* VideoModule.nbbmodule */ = {isa = PBXFileReference; explicitFileType = wrapper.cfbundle; includeInIndex = 0; path = VideoModule.nbbmodule; sourceTree = BUILT_PRODUCTS_DIR; };
		A2689FD216308E9E00E1AFFB /* VideoModule-Info.plist */ = {isa = PBXFileReference; lastKnownFileType = text.plist.xml; path = "VideoModule-Info.plist"; sourceTree = "<group>"; };
		A2689FD416308E9E00E1AFFB /* en */ = {isa = PBXFileReference; lastKnownFileType = text.plist.strings; name = en; path = en.lproj/InfoPlist.strings; sourceTree = "<group>"; };
		A2689FD616308E9E00E1AFFB /* VideoModule-Prefix.pch */ = {isa = PBXFileReference; lastKnownFileType = sourcecode.c.h; path = "VideoModule-Prefix.pch"; sourceTree = "<group>"; };
		A2689FEC1630B7A800E1AFFB /* setup.py */ = {isa = PBXFileReference; lastKnownFileType = text.script.python; path = setup.py; sourceTree = "<group>"; };
		A2689FED1630BDA000E1AFFB /* NBBModule.h */ = {isa = PBXFileReference; fileEncoding = 4; lastKnownFileType = sourcecode.c.h; name = NBBModule.h; path = ../modules/NBBModule.h; sourceTree = "<group>"; };
		A2689FEE1630BDA000E1AFFB /* NBBModule.m */ = {isa = PBXFileReference; fileEncoding = 4; lastKnownFileType = sourcecode.c.objc; name = NBBModule.m; path = ../modules/NBBModule.m; sourceTree = "<group>"; };
		A2689FF31630BFD300E1AFFB /* NBBMusicModule.h */ = {isa = PBXFileReference; fileEncoding = 4; lastKnownFileType = sourcecode.c.h; path = NBBMusicModule.h; sourceTree = "<group>"; };
		A2689FF41630BFD300E1AFFB /* NBBMusicModule.m */ = {isa = PBXFileReference; fileEncoding = 4; lastKnownFileType = sourcecode.c.objc; path = NBBMusicModule.m; sourceTree = "<group>"; };
		A2689FF61630BFED00E1AFFB /* NBBVideoModule.h */ = {isa = PBXFileReference; fileEncoding = 4; lastKnownFileType = sourcecode.c.h; path = NBBVideoModule.h; sourceTree = "<group>"; };
		A2689FF71630BFED00E1AFFB /* NBBVideoModule.m */ = {isa = PBXFileReference; fileEncoding = 4; lastKnownFileType = sourcecode.c.objc; path = NBBVideoModule.m; sourceTree = "<group>"; };
		A268A0031630F64A00E1AFFB /* nbb_theme.py */ = {isa = PBXFileReference; fileEncoding = 4; lastKnownFileType = text.script.python; path = nbb_theme.py; sourceTree = "<group>"; };
		A268A0051630F69800E1AFFB /* NBBTheme.py */ = {isa = PBXFileReference; lastKnownFileType = text.script.python; path = NBBTheme.py; sourceTree = "<group>"; };
		A2DBB0551631A73900C32443 /* NBBTheme.h */ = {isa = PBXFileReference; fileEncoding = 4; lastKnownFileType = sourcecode.c.h; path = NBBTheme.h; sourceTree = "<group>"; };
		A2DBB0561631A73900C32443 /* NBBTheme.m */ = {isa = PBXFileReference; fileEncoding = 4; lastKnownFileType = sourcecode.c.objc; path = NBBTheme.m; sourceTree = "<group>"; };
		A2DBB0651631A90000C32443 /* NBBThemeEngine.h */ = {isa = PBXFileReference; fileEncoding = 4; lastKnownFileType = sourcecode.c.h; path = NBBThemeEngine.h; sourceTree = "<group>"; };
		A2DBB0661631A90000C32443 /* NBBThemeEngine.m */ = {isa = PBXFileReference; fileEncoding = 4; lastKnownFileType = sourcecode.c.objc; path = NBBThemeEngine.m; sourceTree = "<group>"; };
		A2DBB0681631A93E00C32443 /* NBBModule.h */ = {isa = PBXFileReference; fileEncoding = 4; lastKnownFileType = sourcecode.c.h; path = NBBModule.h; sourceTree = "<group>"; };
		A2DBB0691631A93E00C32443 /* NBBModule.m */ = {isa = PBXFileReference; fileEncoding = 4; lastKnownFileType = sourcecode.c.objc; path = NBBModule.m; sourceTree = "<group>"; };
		A2DBB06C1631A95600C32443 /* NBBTheme.h */ = {isa = PBXFileReference; lastKnownFileType = sourcecode.c.h; name = NBBTheme.h; path = ../NBBCore/NBBTheme.h; sourceTree = "<group>"; };
		A2DBB06D1631A95600C32443 /* NBBTheme.m */ = {isa = PBXFileReference; lastKnownFileType = sourcecode.c.objc; name = NBBTheme.m; path = ../NBBCore/NBBTheme.m; sourceTree = "<group>"; };
		A2DBB06E1631A95600C32443 /* NBBThemeEngine.h */ = {isa = PBXFileReference; lastKnownFileType = sourcecode.c.h; path = NBBThemeEngine.h; sourceTree = "<group>"; };
		A2DBB06F1631A95600C32443 /* NBBThemeEngine.m */ = {isa = PBXFileReference; lastKnownFileType = sourcecode.c.objc; path = NBBThemeEngine.m; sourceTree = "<group>"; };
		A2DBB0701631B05C00C32443 /* NBBButton.h */ = {isa = PBXFileReference; fileEncoding = 4; lastKnownFileType = sourcecode.c.h; path = NBBButton.h; sourceTree = "<group>"; };
		A2DBB0711631B05C00C32443 /* NBBButton.m */ = {isa = PBXFileReference; fileEncoding = 4; lastKnownFileType = sourcecode.c.objc; path = NBBButton.m; sourceTree = "<group>"; };
		A2DBB0741631B0A000C32443 /* NBBWindow.h */ = {isa = PBXFileReference; fileEncoding = 4; lastKnownFileType = sourcecode.c.h; path = NBBWindow.h; sourceTree = "<group>"; };
		A2DBB0751631B0A000C32443 /* NBBWindow.m */ = {isa = PBXFileReference; fileEncoding = 4; lastKnownFileType = sourcecode.c.objc; path = NBBWindow.m; sourceTree = "<group>"; };
		A2DBB0781631B12E00C32443 /* NBBTableView.h */ = {isa = PBXFileReference; fileEncoding = 4; lastKnownFileType = sourcecode.c.h; path = NBBTableView.h; sourceTree = "<group>"; };
		A2DBB0791631B12E00C32443 /* NBBTableView.m */ = {isa = PBXFileReference; fileEncoding = 4; lastKnownFileType = sourcecode.c.objc; path = NBBTableView.m; sourceTree = "<group>"; };
		A2DBB07C1631B18700C32443 /* NBBTextField.h */ = {isa = PBXFileReference; fileEncoding = 4; lastKnownFileType = sourcecode.c.h; path = NBBTextField.h; sourceTree = "<group>"; };
		A2DBB07D1631B18800C32443 /* NBBTextField.m */ = {isa = PBXFileReference; fileEncoding = 4; lastKnownFileType = sourcecode.c.objc; path = NBBTextField.m; sourceTree = "<group>"; };
		A2DBB0801631B1BE00C32443 /* NBBSlider.h */ = {isa = PBXFileReference; fileEncoding = 4; lastKnownFileType = sourcecode.c.h; path = NBBSlider.h; sourceTree = "<group>"; };
		A2DBB0811631B1BE00C32443 /* NBBSlider.m */ = {isa = PBXFileReference; fileEncoding = 4; lastKnownFileType = sourcecode.c.objc; path = NBBSlider.m; sourceTree = "<group>"; };
		A2DBB0841631DAAD00C32443 /* NBBThemable.h */ = {isa = PBXFileReference; fileEncoding = 4; lastKnownFileType = sourcecode.c.h; name = NBBThemable.h; path = NBBCore/NBBThemable.h; sourceTree = SOURCE_ROOT; };
/* End PBXFileReference section */

/* Begin PBXFrameworksBuildPhase section */
		A2689F6B16308CE500E1AFFB /* Frameworks */ = {
			isa = PBXFrameworksBuildPhase;
			buildActionMask = 2147483647;
			files = (
				A23A3CF21636253300A622FF /* Python.framework in Frameworks */,
				A2689F7316308CE500E1AFFB /* Cocoa.framework in Frameworks */,
				A23A3CDC1634B5F800A622FF /* NBBCore.framework in Frameworks */,
			);
			runOnlyForDeploymentPostprocessing = 0;
		};
		A2689F8B16308CE500E1AFFB /* Frameworks */ = {
			isa = PBXFrameworksBuildPhase;
			buildActionMask = 2147483647;
			files = (
				A2689F9116308CE500E1AFFB /* SenTestingKit.framework in Frameworks */,
				A2689F9216308CE500E1AFFB /* Cocoa.framework in Frameworks */,
			);
			runOnlyForDeploymentPostprocessing = 0;
		};
		A2689FA716308DCB00E1AFFB /* Frameworks */ = {
			isa = PBXFrameworksBuildPhase;
			buildActionMask = 2147483647;
			files = (
				A23A3D00163777CE00A622FF /* QuartzCore.framework in Frameworks */,
				A2689FAC16308DCB00E1AFFB /* Cocoa.framework in Frameworks */,
			);
			runOnlyForDeploymentPostprocessing = 0;
		};
		A2689FBB16308E6F00E1AFFB /* Frameworks */ = {
			isa = PBXFrameworksBuildPhase;
			buildActionMask = 2147483647;
			files = (
				A2689FFA1630C12C00E1AFFB /* NBBCore.framework in Frameworks */,
				A2689FBF16308E6F00E1AFFB /* Cocoa.framework in Frameworks */,
			);
			runOnlyForDeploymentPostprocessing = 0;
		};
		A2689FCB16308E9E00E1AFFB /* Frameworks */ = {
			isa = PBXFrameworksBuildPhase;
			buildActionMask = 2147483647;
			files = (
				A2689FFB1630C13100E1AFFB /* NBBCore.framework in Frameworks */,
				A2689FCF16308E9E00E1AFFB /* Cocoa.framework in Frameworks */,
			);
			runOnlyForDeploymentPostprocessing = 0;
		};
/* End PBXFrameworksBuildPhase section */

/* Begin PBXGroup section */
		A2689F6316308CE500E1AFFB = {
			isa = PBXGroup;
			children = (
				A2689FF11630BDA800E1AFFB /* Modules */,
				A2689FEA1630B7A800E1AFFB /* Themes */,
				A2689F7816308CE500E1AFFB /* Neon Boom Box */,
				A2689F9516308CE500E1AFFB /* Neon Boom BoxTests */,
				A2689FAD16308DCB00E1AFFB /* NBBCore */,
				A2689F7116308CE500E1AFFB /* Frameworks */,
				A2689F6F16308CE500E1AFFB /* Products */,
			);
			sourceTree = "<group>";
		};
		A2689F6F16308CE500E1AFFB /* Products */ = {
			isa = PBXGroup;
			children = (
				A2689F6E16308CE500E1AFFB /* Neon Boom Box.app */,
				A2689F8F16308CE500E1AFFB /* Neon Boom BoxTests.octest */,
				A2689FAB16308DCB00E1AFFB /* NBBCore.framework */,
				A2689FBE16308E6F00E1AFFB /* MusicModule.nbbmodule */,
				A2689FCE16308E9E00E1AFFB /* VideoModule.nbbmodule */,
			);
			name = Products;
			sourceTree = "<group>";
		};
		A2689F7116308CE500E1AFFB /* Frameworks */ = {
			isa = PBXGroup;
			children = (
				A2689F7216308CE500E1AFFB /* Cocoa.framework */,
				A2689F7416308CE500E1AFFB /* Other Frameworks */,
				A23A3CED16360F2500A622FF /* Python.framework */,
				A23A3CFF163777CE00A622FF /* QuartzCore.framework */,
				A2689F9016308CE500E1AFFB /* SenTestingKit.framework */,
			);
			name = Frameworks;
			sourceTree = "<group>";
		};
		A2689F7416308CE500E1AFFB /* Other Frameworks */ = {
			isa = PBXGroup;
			children = (
				A2689F7516308CE500E1AFFB /* AppKit.framework */,
				A2689F7616308CE500E1AFFB /* CoreData.framework */,
				A2689F7716308CE500E1AFFB /* Foundation.framework */,
			);
			name = "Other Frameworks";
			sourceTree = "<group>";
		};
		A2689F7816308CE500E1AFFB /* Neon Boom Box */ = {
			isa = PBXGroup;
			children = (
				A2689F8716308CE500E1AFFB /* MainMenu.xib */,
				A2689F8416308CE500E1AFFB /* NBBAppDelegate.h */,
				A2689F8516308CE500E1AFFB /* NBBAppDelegate.m */,
				A2689F7916308CE500E1AFFB /* Supporting Files */,
			);
			path = "Neon Boom Box";
			sourceTree = "<group>";
		};
		A2689F7916308CE500E1AFFB /* Supporting Files */ = {
			isa = PBXGroup;
			children = (
				A2689F7A16308CE500E1AFFB /* Neon Boom Box-Info.plist */,
				A2689F7B16308CE500E1AFFB /* InfoPlist.strings */,
				A2689F7E16308CE500E1AFFB /* main.m */,
				A2689F8016308CE500E1AFFB /* Neon Boom Box-Prefix.pch */,
				A2689F8116308CE500E1AFFB /* Credits.rtf */,
			);
			name = "Supporting Files";
			sourceTree = "<group>";
		};
		A2689F9516308CE500E1AFFB /* Neon Boom BoxTests */ = {
			isa = PBXGroup;
			children = (
				A2689F9B16308CE500E1AFFB /* Neon_Boom_BoxTests.h */,
				A2689F9C16308CE500E1AFFB /* Neon_Boom_BoxTests.m */,
				A2689F9616308CE500E1AFFB /* Supporting Files */,
			);
			path = "Neon Boom BoxTests";
			sourceTree = "<group>";
		};
		A2689F9616308CE500E1AFFB /* Supporting Files */ = {
			isa = PBXGroup;
			children = (
				A2689F9716308CE500E1AFFB /* Neon Boom BoxTests-Info.plist */,
				A2689F9816308CE500E1AFFB /* InfoPlist.strings */,
			);
			name = "Supporting Files";
			sourceTree = "<group>";
		};
		A2689FAD16308DCB00E1AFFB /* NBBCore */ = {
			isa = PBXGroup;
			children = (
				A23A3D0116377FAE00A622FF /* CALayer+NBBControlAnimations.h */,
				A23A3D0216377FAE00A622FF /* CALayer+NBBControlAnimations.m */,
				A2DBB0701631B05C00C32443 /* NBBButton.h */,
				A2DBB0711631B05C00C32443 /* NBBButton.m */,
				A2689FB416308DCB00E1AFFB /* NBBCore.h */,
				A2689FB516308DCB00E1AFFB /* NBBCore.m */,
				A2DBB0681631A93E00C32443 /* NBBModule.h */,
				A2DBB0691631A93E00C32443 /* NBBModule.m */,
				A2DBB0801631B1BE00C32443 /* NBBSlider.h */,
				A2DBB0811631B1BE00C32443 /* NBBSlider.m */,
				A23A3CF416372E4500A622FF /* NBBSwappableControl.h */,
				A2DBB0781631B12E00C32443 /* NBBTableView.h */,
				A2DBB0791631B12E00C32443 /* NBBTableView.m */,
				A2DBB07C1631B18700C32443 /* NBBTextField.h */,
				A2DBB07D1631B18800C32443 /* NBBTextField.m */,
				A2DBB0841631DAAD00C32443 /* NBBThemable.h */,
				A2DBB0551631A73900C32443 /* NBBTheme.h */,
				A2DBB0561631A73900C32443 /* NBBTheme.m */,
				A2DBB0651631A90000C32443 /* NBBThemeEngine.h */,
				A2DBB0661631A90000C32443 /* NBBThemeEngine.m */,
				A2DBB0741631B0A000C32443 /* NBBWindow.h */,
				A2DBB0751631B0A000C32443 /* NBBWindow.m */,
				A23A3D161639EF1600A622FF /* NSActionCell+NBBSwappable.h */,
				A23A3D171639EF1600A622FF /* NSActionCell+NBBSwappable.m */,
				A23A3CD61634A9A800A622FF /* NSControl+NBBControlProxy.h */,
				A23A3CD71634A9A800A622FF /* NSControl+NBBControlProxy.m */,
				A2689FAE16308DCB00E1AFFB /* Supporting Files */,
			);
			path = NBBCore;
			sourceTree = "<group>";
		};
		A2689FAE16308DCB00E1AFFB /* Supporting Files */ = {
			isa = PBXGroup;
			children = (
				A2689FAF16308DCB00E1AFFB /* NBBCore-Info.plist */,
				A2689FB016308DCB00E1AFFB /* InfoPlist.strings */,
				A2689FB316308DCB00E1AFFB /* NBBCore-Prefix.pch */,
			);
			name = "Supporting Files";
			sourceTree = "<group>";
		};
		A2689FC016308E6F00E1AFFB /* MusicModule */ = {
			isa = PBXGroup;
			children = (
				A2689FC116308E6F00E1AFFB /* Supporting Files */,
				A2689FF31630BFD300E1AFFB /* NBBMusicModule.h */,
				A2689FF41630BFD300E1AFFB /* NBBMusicModule.m */,
			);
			name = MusicModule;
			path = ../MusicModule;
			sourceTree = "<group>";
		};
		A2689FC116308E6F00E1AFFB /* Supporting Files */ = {
			isa = PBXGroup;
			children = (
				A2689FC216308E6F00E1AFFB /* MusicModule-Info.plist */,
				A2689FC316308E6F00E1AFFB /* InfoPlist.strings */,
				A2689FC616308E6F00E1AFFB /* MusicModule-Prefix.pch */,
			);
			name = "Supporting Files";
			sourceTree = "<group>";
		};
		A2689FD016308E9E00E1AFFB /* VideoModule */ = {
			isa = PBXGroup;
			children = (
				A2689FD116308E9E00E1AFFB /* Supporting Files */,
				A2689FF61630BFED00E1AFFB /* NBBVideoModule.h */,
				A2689FF71630BFED00E1AFFB /* NBBVideoModule.m */,
			);
			name = VideoModule;
			path = ../VideoModule;
			sourceTree = "<group>";
		};
		A2689FD116308E9E00E1AFFB /* Supporting Files */ = {
			isa = PBXGroup;
			children = (
				A2689FD216308E9E00E1AFFB /* VideoModule-Info.plist */,
				A2689FD316308E9E00E1AFFB /* InfoPlist.strings */,
				A2689FD616308E9E00E1AFFB /* VideoModule-Prefix.pch */,
			);
			name = "Supporting Files";
			sourceTree = "<group>";
		};
		A2689FEA1630B7A800E1AFFB /* Themes */ = {
			isa = PBXGroup;
			children = (
				A2DBB06C1631A95600C32443 /* NBBTheme.h */,
				A2DBB06D1631A95600C32443 /* NBBTheme.m */,
				A2DBB06E1631A95600C32443 /* NBBThemeEngine.h */,
				A2DBB06F1631A95600C32443 /* NBBThemeEngine.m */,
				A268A0021630F64A00E1AFFB /* nbb */,
				A268A0051630F69800E1AFFB /* NBBTheme.py */,
				A2689FEC1630B7A800E1AFFB /* setup.py */,
			);
			name = Themes;
			path = themes;
			sourceTree = "<group>";
		};
		A2689FF11630BDA800E1AFFB /* Modules */ = {
			isa = PBXGroup;
			children = (
				A2689FED1630BDA000E1AFFB /* NBBModule.h */,
				A2689FEE1630BDA000E1AFFB /* NBBModule.m */,
				A2689FC016308E6F00E1AFFB /* MusicModule */,
				A2689FD016308E9E00E1AFFB /* VideoModule */,
			);
			name = Modules;
			path = themes;
			sourceTree = "<group>";
		};
		A268A0021630F64A00E1AFFB /* nbb */ = {
			isa = PBXGroup;
			children = (
				A268A0031630F64A00E1AFFB /* nbb_theme.py */,
			);
			path = nbb;
			sourceTree = "<group>";
		};
/* End PBXGroup section */

/* Begin PBXHeadersBuildPhase section */
		A2689FA816308DCB00E1AFFB /* Headers */ = {
			isa = PBXHeadersBuildPhase;
			buildActionMask = 2147483647;
			files = (
				A2DBB0591631A73900C32443 /* NBBTheme.h in Headers */,
				A2DBB06A1631A93E00C32443 /* NBBModule.h in Headers */,
				A2DBB0721631B05C00C32443 /* NBBButton.h in Headers */,
				A2DBB0761631B0A000C32443 /* NBBWindow.h in Headers */,
				A2DBB07A1631B12E00C32443 /* NBBTableView.h in Headers */,
				A2DBB07E1631B18800C32443 /* NBBTextField.h in Headers */,
				A2DBB0821631B1BE00C32443 /* NBBSlider.h in Headers */,
				A2DBB0851631DAAD00C32443 /* NBBThemable.h in Headers */,
				A23A3CD81634A9A800A622FF /* NSControl+NBBControlProxy.h in Headers */,
				A23A3CF316362F2200A622FF /* NBBThemeEngine.h in Headers */,
				A23A3D0316377FAE00A622FF /* CALayer+NBBControlAnimations.h in Headers */,
				A23A3D181639EF1600A622FF /* NSActionCell+NBBSwappable.h in Headers */,
			);
			runOnlyForDeploymentPostprocessing = 0;
		};
/* End PBXHeadersBuildPhase section */

/* Begin PBXNativeTarget section */
		A2689F6D16308CE500E1AFFB /* Neon Boom Box */ = {
			isa = PBXNativeTarget;
			buildConfigurationList = A2689FA016308CE500E1AFFB /* Build configuration list for PBXNativeTarget "Neon Boom Box" */;
			buildPhases = (
				A2689F6A16308CE500E1AFFB /* Sources */,
				A2689F6B16308CE500E1AFFB /* Frameworks */,
				A2689F6C16308CE500E1AFFB /* Resources */,
				A2689FE316308F1500E1AFFB /* CopyFiles */,
				A2689FE016308F0200E1AFFB /* CopyFiles */,
				A2689FE91630B49700E1AFFB /* ShellScript */,
			);
			buildRules = (
			);
			dependencies = (
				A2689FDB16308EEA00E1AFFB /* PBXTargetDependency */,
				A2689FDF16308EF000E1AFFB /* PBXTargetDependency */,
				A2689FDD16308EED00E1AFFB /* PBXTargetDependency */,
			);
			name = "Neon Boom Box";
			productName = "Neon Boom Box";
			productReference = A2689F6E16308CE500E1AFFB /* Neon Boom Box.app */;
			productType = "com.apple.product-type.application";
		};
		A2689F8E16308CE500E1AFFB /* Neon Boom BoxTests */ = {
			isa = PBXNativeTarget;
			buildConfigurationList = A2689FA316308CE500E1AFFB /* Build configuration list for PBXNativeTarget "Neon Boom BoxTests" */;
			buildPhases = (
				A2689F8A16308CE500E1AFFB /* Sources */,
				A2689F8B16308CE500E1AFFB /* Frameworks */,
				A2689F8C16308CE500E1AFFB /* Resources */,
				A2689F8D16308CE500E1AFFB /* ShellScript */,
			);
			buildRules = (
			);
			dependencies = (
				A2689F9416308CE500E1AFFB /* PBXTargetDependency */,
			);
			name = "Neon Boom BoxTests";
			productName = "Neon Boom BoxTests";
			productReference = A2689F8F16308CE500E1AFFB /* Neon Boom BoxTests.octest */;
			productType = "com.apple.product-type.bundle";
		};
		A2689FAA16308DCB00E1AFFB /* NBBCore */ = {
			isa = PBXNativeTarget;
			buildConfigurationList = A2689FB716308DCB00E1AFFB /* Build configuration list for PBXNativeTarget "NBBCore" */;
			buildPhases = (
				A2689FA616308DCB00E1AFFB /* Sources */,
				A2689FA716308DCB00E1AFFB /* Frameworks */,
				A2689FA816308DCB00E1AFFB /* Headers */,
				A2689FA916308DCB00E1AFFB /* Resources */,
			);
			buildRules = (
			);
			dependencies = (
			);
			name = NBBCore;
			productName = NBBCore;
			productReference = A2689FAB16308DCB00E1AFFB /* NBBCore.framework */;
			productType = "com.apple.product-type.framework";
		};
		A2689FBD16308E6F00E1AFFB /* MusicModule */ = {
			isa = PBXNativeTarget;
			buildConfigurationList = A2689FC716308E6F00E1AFFB /* Build configuration list for PBXNativeTarget "MusicModule" */;
			buildPhases = (
				A2689FBA16308E6F00E1AFFB /* Sources */,
				A2689FBB16308E6F00E1AFFB /* Frameworks */,
				A2689FBC16308E6F00E1AFFB /* Resources */,
			);
			buildRules = (
			);
			dependencies = (
				A2689FE616308F2700E1AFFB /* PBXTargetDependency */,
			);
			name = MusicModule;
			productName = MusicModule;
			productReference = A2689FBE16308E6F00E1AFFB /* MusicModule.nbbmodule */;
			productType = "com.apple.product-type.bundle";
		};
		A2689FCD16308E9E00E1AFFB /* VideoModule */ = {
			isa = PBXNativeTarget;
			buildConfigurationList = A2689FD716308E9E00E1AFFB /* Build configuration list for PBXNativeTarget "VideoModule" */;
			buildPhases = (
				A2689FCA16308E9E00E1AFFB /* Sources */,
				A2689FCB16308E9E00E1AFFB /* Frameworks */,
				A2689FCC16308E9E00E1AFFB /* Resources */,
			);
			buildRules = (
			);
			dependencies = (
				A2689FE816308F2B00E1AFFB /* PBXTargetDependency */,
			);
			name = VideoModule;
			productName = VideoModule;
			productReference = A2689FCE16308E9E00E1AFFB /* VideoModule.nbbmodule */;
			productType = "com.apple.product-type.bundle";
		};
/* End PBXNativeTarget section */

/* Begin PBXProject section */
		A2689F6516308CE500E1AFFB /* Project object */ = {
			isa = PBXProject;
			attributes = {
				CLASSPREFIX = NBB;
				LastUpgradeCheck = 0450;
				ORGANIZATIONNAME = NBB;
			};
			buildConfigurationList = A2689F6816308CE500E1AFFB /* Build configuration list for PBXProject "Neon Boom Box" */;
			compatibilityVersion = "Xcode 3.2";
			developmentRegion = English;
			hasScannedForEncodings = 0;
			knownRegions = (
				en,
			);
			mainGroup = A2689F6316308CE500E1AFFB;
			productRefGroup = A2689F6F16308CE500E1AFFB /* Products */;
			projectDirPath = "";
			projectRoot = "";
			targets = (
				A2689F6D16308CE500E1AFFB /* Neon Boom Box */,
				A2689F8E16308CE500E1AFFB /* Neon Boom BoxTests */,
				A2689FAA16308DCB00E1AFFB /* NBBCore */,
				A2689FBD16308E6F00E1AFFB /* MusicModule */,
				A2689FCD16308E9E00E1AFFB /* VideoModule */,
			);
		};
/* End PBXProject section */

/* Begin PBXResourcesBuildPhase section */
		A2689F6C16308CE500E1AFFB /* Resources */ = {
			isa = PBXResourcesBuildPhase;
			buildActionMask = 2147483647;
			files = (
				A2689F7D16308CE500E1AFFB /* InfoPlist.strings in Resources */,
				A2689F8316308CE500E1AFFB /* Credits.rtf in Resources */,
				A2689F8916308CE500E1AFFB /* MainMenu.xib in Resources */,
			);
			runOnlyForDeploymentPostprocessing = 0;
		};
		A2689F8C16308CE500E1AFFB /* Resources */ = {
			isa = PBXResourcesBuildPhase;
			buildActionMask = 2147483647;
			files = (
				A2689F9A16308CE500E1AFFB /* InfoPlist.strings in Resources */,
			);
			runOnlyForDeploymentPostprocessing = 0;
		};
		A2689FA916308DCB00E1AFFB /* Resources */ = {
			isa = PBXResourcesBuildPhase;
			buildActionMask = 2147483647;
			files = (
				A2689FB216308DCB00E1AFFB /* InfoPlist.strings in Resources */,
				A268A0041630F64A00E1AFFB /* nbb_theme.py in Resources */,
			);
			runOnlyForDeploymentPostprocessing = 0;
		};
		A2689FBC16308E6F00E1AFFB /* Resources */ = {
			isa = PBXResourcesBuildPhase;
			buildActionMask = 2147483647;
			files = (
				A2689FC516308E6F00E1AFFB /* InfoPlist.strings in Resources */,
			);
			runOnlyForDeploymentPostprocessing = 0;
		};
		A2689FCC16308E9E00E1AFFB /* Resources */ = {
			isa = PBXResourcesBuildPhase;
			buildActionMask = 2147483647;
			files = (
				A2689FD516308E9E00E1AFFB /* InfoPlist.strings in Resources */,
			);
			runOnlyForDeploymentPostprocessing = 0;
		};
/* End PBXResourcesBuildPhase section */

/* Begin PBXShellScriptBuildPhase section */
		A2689F8D16308CE500E1AFFB /* ShellScript */ = {
			isa = PBXShellScriptBuildPhase;
			buildActionMask = 2147483647;
			files = (
			);
			inputPaths = (
			);
			outputPaths = (
			);
			runOnlyForDeploymentPostprocessing = 0;
			shellPath = /bin/sh;
			shellScript = "# Run the unit tests in this test bundle.\n\"${SYSTEM_DEVELOPER_DIR}/Tools/RunUnitTests\"\n";
		};
		A2689FE91630B49700E1AFFB /* ShellScript */ = {
			isa = PBXShellScriptBuildPhase;
			buildActionMask = 2147483647;
			files = (
			);
			inputPaths = (
			);
			outputPaths = (
			);
			runOnlyForDeploymentPostprocessing = 0;
			shellPath = /bin/sh;
			shellScript = "# compile themes and install to bundle\npython themes/setup.py py2app --extension .nbbtheme --dist-dir \"$BUILT_PRODUCTS_DIR/$CONTENTS_FOLDER_PATH/Themes\"\n";
		};
/* End PBXShellScriptBuildPhase section */

/* Begin PBXSourcesBuildPhase section */
		A2689F6A16308CE500E1AFFB /* Sources */ = {
			isa = PBXSourcesBuildPhase;
			buildActionMask = 2147483647;
			files = (
				A2689F7F16308CE500E1AFFB /* main.m in Sources */,
				A2689F8616308CE500E1AFFB /* NBBAppDelegate.m in Sources */,
			);
			runOnlyForDeploymentPostprocessing = 0;
		};
		A2689F8A16308CE500E1AFFB /* Sources */ = {
			isa = PBXSourcesBuildPhase;
			buildActionMask = 2147483647;
			files = (
				A2689F9D16308CE500E1AFFB /* Neon_Boom_BoxTests.m in Sources */,
			);
			runOnlyForDeploymentPostprocessing = 0;
		};
		A2689FA616308DCB00E1AFFB /* Sources */ = {
			isa = PBXSourcesBuildPhase;
			buildActionMask = 2147483647;
			files = (
				A2689FB616308DCB00E1AFFB /* NBBCore.m in Sources */,
				A2DBB05A1631A73900C32443 /* NBBTheme.m in Sources */,
				A2DBB06B1631A93E00C32443 /* NBBModule.m in Sources */,
				A2DBB0731631B05C00C32443 /* NBBButton.m in Sources */,
				A2DBB0771631B0A000C32443 /* NBBWindow.m in Sources */,
				A2DBB07B1631B12E00C32443 /* NBBTableView.m in Sources */,
				A2DBB07F1631B18800C32443 /* NBBTextField.m in Sources */,
				A2DBB0831631B1BE00C32443 /* NBBSlider.m in Sources */,
				A23A3CDF1634BC6100A622FF /* NSControl+NBBControlProxy.m in Sources */,
				A23A3CE01634CB8B00A622FF /* NBBThemeEngine.m in Sources */,
				A23A3D0416377FAE00A622FF /* CALayer+NBBControlAnimations.m in Sources */,
			);
			runOnlyForDeploymentPostprocessing = 0;
		};
		A2689FBA16308E6F00E1AFFB /* Sources */ = {
			isa = PBXSourcesBuildPhase;
			buildActionMask = 2147483647;
			files = (
				A2689FF51630BFD300E1AFFB /* NBBMusicModule.m in Sources */,
			);
			runOnlyForDeploymentPostprocessing = 0;
		};
		A2689FCA16308E9E00E1AFFB /* Sources */ = {
			isa = PBXSourcesBuildPhase;
			buildActionMask = 2147483647;
			files = (
				A2689FF91630BFF300E1AFFB /* NBBVideoModule.m in Sources */,
			);
			runOnlyForDeploymentPostprocessing = 0;
		};
/* End PBXSourcesBuildPhase section */

/* Begin PBXTargetDependency section */
		A2689F9416308CE500E1AFFB /* PBXTargetDependency */ = {
			isa = PBXTargetDependency;
			target = A2689F6D16308CE500E1AFFB /* Neon Boom Box */;
			targetProxy = A2689F9316308CE500E1AFFB /* PBXContainerItemProxy */;
		};
		A2689FDB16308EEA00E1AFFB /* PBXTargetDependency */ = {
			isa = PBXTargetDependency;
			target = A2689FAA16308DCB00E1AFFB /* NBBCore */;
			targetProxy = A2689FDA16308EEA00E1AFFB /* PBXContainerItemProxy */;
		};
		A2689FDD16308EED00E1AFFB /* PBXTargetDependency */ = {
			isa = PBXTargetDependency;
			target = A2689FBD16308E6F00E1AFFB /* MusicModule */;
			targetProxy = A2689FDC16308EED00E1AFFB /* PBXContainerItemProxy */;
		};
		A2689FDF16308EF000E1AFFB /* PBXTargetDependency */ = {
			isa = PBXTargetDependency;
			target = A2689FCD16308E9E00E1AFFB /* VideoModule */;
			targetProxy = A2689FDE16308EF000E1AFFB /* PBXContainerItemProxy */;
		};
		A2689FE616308F2700E1AFFB /* PBXTargetDependency */ = {
			isa = PBXTargetDependency;
			target = A2689FAA16308DCB00E1AFFB /* NBBCore */;
			targetProxy = A2689FE516308F2700E1AFFB /* PBXContainerItemProxy */;
		};
		A2689FE816308F2B00E1AFFB /* PBXTargetDependency */ = {
			isa = PBXTargetDependency;
			target = A2689FAA16308DCB00E1AFFB /* NBBCore */;
			targetProxy = A2689FE716308F2B00E1AFFB /* PBXContainerItemProxy */;
		};
/* End PBXTargetDependency section */

/* Begin PBXVariantGroup section */
		A2689F7B16308CE500E1AFFB /* InfoPlist.strings */ = {
			isa = PBXVariantGroup;
			children = (
				A2689F7C16308CE500E1AFFB /* en */,
			);
			name = InfoPlist.strings;
			sourceTree = "<group>";
		};
		A2689F8116308CE500E1AFFB /* Credits.rtf */ = {
			isa = PBXVariantGroup;
			children = (
				A2689F8216308CE500E1AFFB /* en */,
			);
			name = Credits.rtf;
			sourceTree = "<group>";
		};
		A2689F8716308CE500E1AFFB /* MainMenu.xib */ = {
			isa = PBXVariantGroup;
			children = (
				A2689F8816308CE500E1AFFB /* en */,
			);
			name = MainMenu.xib;
			sourceTree = "<group>";
		};
		A2689F9816308CE500E1AFFB /* InfoPlist.strings */ = {
			isa = PBXVariantGroup;
			children = (
				A2689F9916308CE500E1AFFB /* en */,
			);
			name = InfoPlist.strings;
			sourceTree = "<group>";
		};
		A2689FB016308DCB00E1AFFB /* InfoPlist.strings */ = {
			isa = PBXVariantGroup;
			children = (
				A2689FB116308DCB00E1AFFB /* en */,
			);
			name = InfoPlist.strings;
			sourceTree = "<group>";
		};
		A2689FC316308E6F00E1AFFB /* InfoPlist.strings */ = {
			isa = PBXVariantGroup;
			children = (
				A2689FC416308E6F00E1AFFB /* en */,
			);
			name = InfoPlist.strings;
			sourceTree = "<group>";
		};
		A2689FD316308E9E00E1AFFB /* InfoPlist.strings */ = {
			isa = PBXVariantGroup;
			children = (
				A2689FD416308E9E00E1AFFB /* en */,
			);
			name = InfoPlist.strings;
			sourceTree = "<group>";
		};
/* End PBXVariantGroup section */

/* Begin XCBuildConfiguration section */
		A2689F9E16308CE500E1AFFB /* Debug */ = {
			isa = XCBuildConfiguration;
			buildSettings = {
				ALWAYS_SEARCH_USER_PATHS = NO;
				ARCHS = "$(ARCHS_STANDARD_64_BIT)";
				CLANG_CXX_LANGUAGE_STANDARD = "gnu++0x";
				CLANG_CXX_LIBRARY = "libc++";
				CLANG_WARN_EMPTY_BODY = YES;
				CLANG_WARN__DUPLICATE_METHOD_MATCH = YES;
				COPY_PHASE_STRIP = NO;
				GCC_C_LANGUAGE_STANDARD = gnu99;
				GCC_DYNAMIC_NO_PIC = NO;
				GCC_ENABLE_OBJC_EXCEPTIONS = YES;
				GCC_OPTIMIZATION_LEVEL = 0;
				GCC_PREPROCESSOR_DEFINITIONS = (
					"DEBUG=1",
					"$(inherited)",
				);
				GCC_SYMBOLS_PRIVATE_EXTERN = NO;
				GCC_WARN_64_TO_32_BIT_CONVERSION = YES;
				GCC_WARN_ABOUT_RETURN_TYPE = YES;
				GCC_WARN_UNINITIALIZED_AUTOS = YES;
				GCC_WARN_UNUSED_VARIABLE = YES;
				MACOSX_DEPLOYMENT_TARGET = 10.8;
				ONLY_ACTIVE_ARCH = YES;
				SDKROOT = macosx;
			};
			name = Debug;
		};
		A2689F9F16308CE500E1AFFB /* Release */ = {
			isa = XCBuildConfiguration;
			buildSettings = {
				ALWAYS_SEARCH_USER_PATHS = NO;
				ARCHS = "$(ARCHS_STANDARD_64_BIT)";
				CLANG_CXX_LANGUAGE_STANDARD = "gnu++0x";
				CLANG_CXX_LIBRARY = "libc++";
				CLANG_WARN_EMPTY_BODY = YES;
				CLANG_WARN__DUPLICATE_METHOD_MATCH = YES;
				COPY_PHASE_STRIP = YES;
				DEBUG_INFORMATION_FORMAT = "dwarf-with-dsym";
				GCC_C_LANGUAGE_STANDARD = gnu99;
				GCC_ENABLE_OBJC_EXCEPTIONS = YES;
				GCC_WARN_64_TO_32_BIT_CONVERSION = YES;
				GCC_WARN_ABOUT_RETURN_TYPE = YES;
				GCC_WARN_UNINITIALIZED_AUTOS = YES;
				GCC_WARN_UNUSED_VARIABLE = YES;
				MACOSX_DEPLOYMENT_TARGET = 10.8;
				SDKROOT = macosx;
			};
			name = Release;
		};
		A2689FA116308CE500E1AFFB /* Debug */ = {
			isa = XCBuildConfiguration;
			buildSettings = {
				COMBINE_HIDPI_IMAGES = YES;
				GCC_PRECOMPILE_PREFIX_HEADER = YES;
				GCC_PREFIX_HEADER = "Neon Boom Box/Neon Boom Box-Prefix.pch";
				INFOPLIST_FILE = "Neon Boom Box/Neon Boom Box-Info.plist";
				PRODUCT_NAME = "$(TARGET_NAME)";
				WRAPPER_EXTENSION = app;
			};
			name = Debug;
		};
		A2689FA216308CE500E1AFFB /* Release */ = {
			isa = XCBuildConfiguration;
			buildSettings = {
				COMBINE_HIDPI_IMAGES = YES;
				GCC_PRECOMPILE_PREFIX_HEADER = YES;
				GCC_PREFIX_HEADER = "Neon Boom Box/Neon Boom Box-Prefix.pch";
				INFOPLIST_FILE = "Neon Boom Box/Neon Boom Box-Info.plist";
				PRODUCT_NAME = "$(TARGET_NAME)";
				WRAPPER_EXTENSION = app;
			};
			name = Release;
		};
		A2689FA416308CE500E1AFFB /* Debug */ = {
			isa = XCBuildConfiguration;
			buildSettings = {
				BUNDLE_LOADER = "$(BUILT_PRODUCTS_DIR)/Neon Boom Box.app/Contents/MacOS/Neon Boom Box";
				COMBINE_HIDPI_IMAGES = YES;
				FRAMEWORK_SEARCH_PATHS = "\"$(DEVELOPER_LIBRARY_DIR)/Frameworks\"";
				GCC_PRECOMPILE_PREFIX_HEADER = YES;
				GCC_PREFIX_HEADER = "Neon Boom Box/Neon Boom Box-Prefix.pch";
				INFOPLIST_FILE = "Neon Boom BoxTests/Neon Boom BoxTests-Info.plist";
				PRODUCT_NAME = "$(TARGET_NAME)";
				TEST_HOST = "$(BUNDLE_LOADER)";
				WRAPPER_EXTENSION = octest;
			};
			name = Debug;
		};
		A2689FA516308CE500E1AFFB /* Release */ = {
			isa = XCBuildConfiguration;
			buildSettings = {
				BUNDLE_LOADER = "$(BUILT_PRODUCTS_DIR)/Neon Boom Box.app/Contents/MacOS/Neon Boom Box";
				COMBINE_HIDPI_IMAGES = YES;
				FRAMEWORK_SEARCH_PATHS = "\"$(DEVELOPER_LIBRARY_DIR)/Frameworks\"";
				GCC_PRECOMPILE_PREFIX_HEADER = YES;
				GCC_PREFIX_HEADER = "Neon Boom Box/Neon Boom Box-Prefix.pch";
				INFOPLIST_FILE = "Neon Boom BoxTests/Neon Boom BoxTests-Info.plist";
				PRODUCT_NAME = "$(TARGET_NAME)";
				TEST_HOST = "$(BUNDLE_LOADER)";
				WRAPPER_EXTENSION = octest;
			};
			name = Release;
		};
		A2689FB816308DCB00E1AFFB /* Debug */ = {
			isa = XCBuildConfiguration;
			buildSettings = {
				COMBINE_HIDPI_IMAGES = YES;
				DYLIB_COMPATIBILITY_VERSION = 1;
				DYLIB_CURRENT_VERSION = 1;
				FRAMEWORK_VERSION = A;
				GCC_PRECOMPILE_PREFIX_HEADER = YES;
				GCC_PREFIX_HEADER = "NBBCore/NBBCore-Prefix.pch";
				INFOPLIST_FILE = "NBBCore/NBBCore-Info.plist";
				PRODUCT_NAME = "$(TARGET_NAME)";
				WRAPPER_EXTENSION = framework;
			};
			name = Debug;
		};
		A2689FB916308DCB00E1AFFB /* Release */ = {
			isa = XCBuildConfiguration;
			buildSettings = {
				COMBINE_HIDPI_IMAGES = YES;
				DYLIB_COMPATIBILITY_VERSION = 1;
				DYLIB_CURRENT_VERSION = 1;
				FRAMEWORK_VERSION = A;
				GCC_PRECOMPILE_PREFIX_HEADER = YES;
				GCC_PREFIX_HEADER = "NBBCore/NBBCore-Prefix.pch";
				INFOPLIST_FILE = "NBBCore/NBBCore-Info.plist";
				PRODUCT_NAME = "$(TARGET_NAME)";
				WRAPPER_EXTENSION = framework;
			};
			name = Release;
		};
		A2689FC816308E6F00E1AFFB /* Debug */ = {
			isa = XCBuildConfiguration;
			buildSettings = {
				COMBINE_HIDPI_IMAGES = YES;
				GCC_PRECOMPILE_PREFIX_HEADER = YES;
				GCC_PREFIX_HEADER = "MusicModule/MusicModule-Prefix.pch";
				INFOPLIST_FILE = "MusicModule/MusicModule-Info.plist";
				INSTALL_PATH = "$(LOCAL_LIBRARY_DIR)/Bundles";
				PRODUCT_NAME = "$(TARGET_NAME)";
				WRAPPER_EXTENSION = nbbmodule;
			};
			name = Debug;
		};
		A2689FC916308E6F00E1AFFB /* Release */ = {
			isa = XCBuildConfiguration;
			buildSettings = {
				COMBINE_HIDPI_IMAGES = YES;
				GCC_PRECOMPILE_PREFIX_HEADER = YES;
				GCC_PREFIX_HEADER = "MusicModule/MusicModule-Prefix.pch";
				INFOPLIST_FILE = "MusicModule/MusicModule-Info.plist";
				INSTALL_PATH = "$(LOCAL_LIBRARY_DIR)/Bundles";
				PRODUCT_NAME = "$(TARGET_NAME)";
				WRAPPER_EXTENSION = nbbmodule;
			};
			name = Release;
		};
		A2689FD816308E9E00E1AFFB /* Debug */ = {
			isa = XCBuildConfiguration;
			buildSettings = {
				COMBINE_HIDPI_IMAGES = YES;
				GCC_PRECOMPILE_PREFIX_HEADER = YES;
				GCC_PREFIX_HEADER = "VideoModule/VideoModule-Prefix.pch";
				INFOPLIST_FILE = "VideoModule/VideoModule-Info.plist";
				INSTALL_PATH = "$(LOCAL_LIBRARY_DIR)/Bundles";
				PRODUCT_NAME = "$(TARGET_NAME)";
				WRAPPER_EXTENSION = nbbmodule;
			};
			name = Debug;
		};
		A2689FD916308E9E00E1AFFB /* Release */ = {
			isa = XCBuildConfiguration;
			buildSettings = {
				COMBINE_HIDPI_IMAGES = YES;
				GCC_PRECOMPILE_PREFIX_HEADER = YES;
				GCC_PREFIX_HEADER = "VideoModule/VideoModule-Prefix.pch";
				INFOPLIST_FILE = "VideoModule/VideoModule-Info.plist";
				INSTALL_PATH = "$(LOCAL_LIBRARY_DIR)/Bundles";
				PRODUCT_NAME = "$(TARGET_NAME)";
				WRAPPER_EXTENSION = nbbmodule;
			};
			name = Release;
		};
/* End XCBuildConfiguration section */

/* Begin XCConfigurationList section */
		A2689F6816308CE500E1AFFB /* Build configuration list for PBXProject "Neon Boom Box" */ = {
			isa = XCConfigurationList;
			buildConfigurations = (
				A2689F9E16308CE500E1AFFB /* Debug */,
				A2689F9F16308CE500E1AFFB /* Release */,
			);
			defaultConfigurationIsVisible = 0;
			defaultConfigurationName = Release;
		};
		A2689FA016308CE500E1AFFB /* Build configuration list for PBXNativeTarget "Neon Boom Box" */ = {
			isa = XCConfigurationList;
			buildConfigurations = (
				A2689FA116308CE500E1AFFB /* Debug */,
				A2689FA216308CE500E1AFFB /* Release */,
			);
			defaultConfigurationIsVisible = 0;
			defaultConfigurationName = Release;
		};
		A2689FA316308CE500E1AFFB /* Build configuration list for PBXNativeTarget "Neon Boom BoxTests" */ = {
			isa = XCConfigurationList;
			buildConfigurations = (
				A2689FA416308CE500E1AFFB /* Debug */,
				A2689FA516308CE500E1AFFB /* Release */,
			);
			defaultConfigurationIsVisible = 0;
			defaultConfigurationName = Release;
		};
		A2689FB716308DCB00E1AFFB /* Build configuration list for PBXNativeTarget "NBBCore" */ = {
			isa = XCConfigurationList;
			buildConfigurations = (
				A2689FB816308DCB00E1AFFB /* Debug */,
				A2689FB916308DCB00E1AFFB /* Release */,
			);
			defaultConfigurationIsVisible = 0;
			defaultConfigurationName = Release;
		};
		A2689FC716308E6F00E1AFFB /* Build configuration list for PBXNativeTarget "MusicModule" */ = {
			isa = XCConfigurationList;
			buildConfigurations = (
				A2689FC816308E6F00E1AFFB /* Debug */,
				A2689FC916308E6F00E1AFFB /* Release */,
			);
			defaultConfigurationIsVisible = 0;
			defaultConfigurationName = Release;
		};
		A2689FD716308E9E00E1AFFB /* Build configuration list for PBXNativeTarget "VideoModule" */ = {
			isa = XCConfigurationList;
			buildConfigurations = (
				A2689FD816308E9E00E1AFFB /* Debug */,
				A2689FD916308E9E00E1AFFB /* Release */,
			);
			defaultConfigurationIsVisible = 0;
			defaultConfigurationName = Release;
		};
/* End XCConfigurationList section */
	};
	rootObject = A2689F6516308CE500E1AFFB /* Project object */;
}
